{
  "name": "tow",
  "lockfileVersion": 3,
  "requires": true,
  "packages": {
    "": {
      "dependencies": {
        "layui": "^2.9.0"
      }
    },
    "node_modules/layui": {
      "version": "2.9.0",
      "resolved": "https://registry.npmjs.org/layui/-/layui-2.9.0.tgz",
      "integrity": "sha512-3y59zUjk9W4+eJnDZkqNUgSAahwqATyBIYEMeActKsFhQiJv6xMpxOCeQgFHG3kq41UDqBjtb72sbF9YmORM6w=="
    }
  }
}
